
Microsoft Visual Studio Solution File, Format Version 12.00
# Visual Studio Version 16
VisualStudioVersion = 16.0.32106.194
MinimumVisualStudioVersion = 10.0.40219.1
Project("{9A19103F-16F7-4668-BE54-9A1E7A4F7556}") = "BlogCoreAPI", "BlogCoreAPI\BlogCoreAPI.csproj", "{CEF0A61C-5E9E-4B13-ABA3-957C23061F18}"
	ProjectSection(ProjectDependencies) = postProject
		{D30D7DB7-7B56-4559-AF83-0F71000FAECD} = {D30D7DB7-7B56-4559-AF83-0F71000FAECD}
	EndProjectSection
EndProject
Project("{9A19103F-16F7-4668-BE54-9A1E7A4F7556}") = "DAL", "DAL\DAL.csproj", "{51EBF377-A034-4627-8F89-66770F911C23}"
EndProject
Project("{9A19103F-16F7-4668-BE54-9A1E7A4F7556}") = "LOGIC", "Logic\LOGIC.csproj", "{69564FA0-56BD-4C0A-BDB3-50F5B3BE61C3}"
EndProject
Project("{FAE04EC0-301F-11D3-BF4B-00C04F79EFBC}") = "GUI_BLOG", "GUI_BLOG\GUI_BLOG.csproj", "{D30D7DB7-7B56-4559-AF83-0F71000FAECD}"
EndProject
Global
	GlobalSection(SolutionConfigurationPlatforms) = preSolution
		Debug|Any CPU = Debug|Any CPU
		Release|Any CPU = Release|Any CPU
	EndGlobalSection
	GlobalSection(ProjectConfigurationPlatforms) = postSolution
		{CEF0A61C-5E9E-4B13-ABA3-957C23061F18}.Debug|Any CPU.ActiveCfg = Debug|Any CPU
		{CEF0A61C-5E9E-4B13-ABA3-957C23061F18}.Debug|Any CPU.Build.0 = Debug|Any CPU
		{CEF0A61C-5E9E-4B13-ABA3-957C23061F18}.Release|Any CPU.ActiveCfg = Release|Any CPU
		{CEF0A61C-5E9E-4B13-ABA3-957C23061F18}.Release|Any CPU.Build.0 = Release|Any CPU
		{51EBF377-A034-4627-8F89-66770F911C23}.Debug|Any CPU.ActiveCfg = Debug|Any CPU
		{51EBF377-A034-4627-8F89-66770F911C23}.Debug|Any CPU.Build.0 = Debug|Any CPU
		{51EBF377-A034-4627-8F89-66770F911C23}.Release|Any CPU.ActiveCfg = Release|Any CPU
		{51EBF377-A034-4627-8F89-66770F911C23}.Release|Any CPU.Build.0 = Release|Any CPU
		{69564FA0-56BD-4C0A-BDB3-50F5B3BE61C3}.Debug|Any CPU.ActiveCfg = Debug|Any CPU
		{69564FA0-56BD-4C0A-BDB3-50F5B3BE61C3}.Debug|Any CPU.Build.0 = Debug|Any CPU
		{69564FA0-56BD-4C0A-BDB3-50F5B3BE61C3}.Release|Any CPU.ActiveCfg = Release|Any CPU
		{69564FA0-56BD-4C0A-BDB3-50F5B3BE61C3}.Release|Any CPU.Build.0 = Release|Any CPU
		{D30D7DB7-7B56-4559-AF83-0F71000FAECD}.Debug|Any CPU.ActiveCfg = Debug|Any CPU
		{D30D7DB7-7B56-4559-AF83-0F71000FAECD}.Debug|Any CPU.Build.0 = Debug|Any CPU
		{D30D7DB7-7B56-4559-AF83-0F71000FAECD}.Release|Any CPU.ActiveCfg = Release|Any CPU
		{D30D7DB7-7B56-4559-AF83-0F71000FAECD}.Release|Any CPU.Build.0 = Release|Any CPU
	EndGlobalSection
	GlobalSection(SolutionProperties) = preSolution
		HideSolutionNode = FALSE
	EndGlobalSection
	GlobalSection(ExtensibilityGlobals) = postSolution
		SolutionGuid = {AEAD39AB-B60B-47CB-A66E-856467BFD6B8}
	EndGlobalSection
EndGlobal
